
Microsoft Visual Studio Solution File, Format Version 12.00
# Visual Studio Version 16
VisualStudioVersion = 16.0.31112.23
MinimumVisualStudioVersion = 10.0.40219.1
Project("{FAE04EC0-301F-11D3-BF4B-00C04F79EFBC}") = "MitProjectAssignment", "MitProjectAssignment.csproj", "{87D4A31E-9340-4F69-83E9-E86241819A51}"
EndProject
Global
	GlobalSection(SolutionConfigurationPlatforms) = preSolution
		Debug|Any CPU = Debug|Any CPU
		Release|Any CPU = Release|Any CPU
	EndGlobalSection
	GlobalSection(ProjectConfigurationPlatforms) = postSolution
		{87D4A31E-9340-4F69-83E9-E86241819A51}.Debug|Any CPU.ActiveCfg = Debug|Any CPU
		{87D4A31E-9340-4F69-83E9-E86241819A51}.Debug|Any CPU.Build.0 = Debug|Any CPU
		{87D4A31E-9340-4F69-83E9-E86241819A51}.Release|Any CPU.ActiveCfg = Release|Any CPU
		{87D4A31E-9340-4F69-83E9-E86241819A51}.Release|Any CPU.Build.0 = Release|Any CPU
	EndGlobalSection
	GlobalSection(SolutionProperties) = preSolution
		HideSolutionNode = FALSE
	EndGlobalSection
	GlobalSection(ExtensibilityGlobals) = postSolution
		SolutionGuid = {3CF0F595-128F-4419-B144-83494A7DC289}
	EndGlobalSection
EndGlobal
